// !$*UTF8*$!
{
	archiveVersion = 1;
	classes = {
	};
	objectVersion = 52;
	objects = {

/* Begin PBXBuildFile section */
		B11269B7260BC8C6000A1D3A /* AppDelegate.swift in Sources */ = {isa = PBXBuildFile; fileRef = B11269B6260BC8C6000A1D3A /* AppDelegate.swift */; };
		B11269B9260BC8C6000A1D3A /* SceneDelegate.swift in Sources */ = {isa = PBXBuildFile; fileRef = B11269B8260BC8C6000A1D3A /* SceneDelegate.swift */; };
		B11269BB260BC8C6000A1D3A /* ViewController.swift in Sources */ = {isa = PBXBuildFile; fileRef = B11269BA260BC8C6000A1D3A /* ViewController.swift */; };
		B11269C0260BC8C9000A1D3A /* Assets.xcassets in Resources */ = {isa = PBXBuildFile; fileRef = B11269BF260BC8C9000A1D3A /* Assets.xcassets */; };
		B11269C3260BC8C9000A1D3A /* LaunchScreen.storyboard in Resources */ = {isa = PBXBuildFile; fileRef = B11269C1260BC8C9000A1D3A /* LaunchScreen.storyboard */; };
		B11269CE260BC8C9000A1D3A /* SuperAPPTests.swift in Sources */ = {isa = PBXBuildFile; fileRef = B11269CD260BC8C9000A1D3A /* SuperAPPTests.swift */; };
		B1126A01260BD5D7000A1D3A /* Coordinator in Frameworks */ = {isa = PBXBuildFile; productRef = B1126A00260BD5D7000A1D3A /* Coordinator */; };
		B1126A0A260BD643000A1D3A /* SecondCoordinator.swift in Sources */ = {isa = PBXBuildFile; fileRef = B1126A06260BD643000A1D3A /* SecondCoordinator.swift */; };
		B1126A0B260BD643000A1D3A /* MainCoordinator.swift in Sources */ = {isa = PBXBuildFile; fileRef = B1126A07260BD643000A1D3A /* MainCoordinator.swift */; };
		B1126A0C260BD643000A1D3A /* FirstCoordinator.swift in Sources */ = {isa = PBXBuildFile; fileRef = B1126A08260BD643000A1D3A /* FirstCoordinator.swift */; };
		B1126A0D260BD643000A1D3A /* ThirdCoordinator.swift in Sources */ = {isa = PBXBuildFile; fileRef = B1126A09260BD643000A1D3A /* ThirdCoordinator.swift */; };
		B1126A12260BD659000A1D3A /* Event.swift in Sources */ = {isa = PBXBuildFile; fileRef = B1126A11260BD659000A1D3A /* Event.swift */; };
		B1126A20260BD6B9000A1D3A /* SecondView.swift in Sources */ = {isa = PBXBuildFile; fileRef = B1126A1E260BD6B9000A1D3A /* SecondView.swift */; };
		B1126A21260BD6B9000A1D3A /* SecondViewController.swift in Sources */ = {isa = PBXBuildFile; fileRef = B1126A1F260BD6B9000A1D3A /* SecondViewController.swift */; };
		B1126A28260BD6C3000A1D3A /* ThirdView.swift in Sources */ = {isa = PBXBuildFile; fileRef = B1126A26260BD6C3000A1D3A /* ThirdView.swift */; };
		B1126A29260BD6C3000A1D3A /* ThirdViewController.swift in Sources */ = {isa = PBXBuildFile; fileRef = B1126A27260BD6C3000A1D3A /* ThirdViewController.swift */; };
		B1126A2D260BD6DB000A1D3A /* TabBarViewController.swift in Sources */ = {isa = PBXBuildFile; fileRef = B1126A2C260BD6DA000A1D3A /* TabBarViewController.swift */; };
		B1126A33260BD700000A1D3A /* FirstView.swift in Sources */ = {isa = PBXBuildFile; fileRef = B1126A31260BD700000A1D3A /* FirstView.swift */; };
		B1126A34260BD700000A1D3A /* FirstViewController.swift in Sources */ = {isa = PBXBuildFile; fileRef = B1126A32260BD700000A1D3A /* FirstViewController.swift */; };
		B1126A3C260BD735000A1D3A /* ViewCodable.swift in Sources */ = {isa = PBXBuildFile; fileRef = B1126A3A260BD735000A1D3A /* ViewCodable.swift */; };
		B1126A3D260BD735000A1D3A /* UIView+AddViews.swift in Sources */ = {isa = PBXBuildFile; fileRef = B1126A3B260BD735000A1D3A /* UIView+AddViews.swift */; };
/* End PBXBuildFile section */

/* Begin PBXContainerItemProxy section */
		B11269CA260BC8C9000A1D3A /* PBXContainerItemProxy */ = {
			isa = PBXContainerItemProxy;
			containerPortal = B11269AB260BC8C6000A1D3A /* Project object */;
			proxyType = 1;
			remoteGlobalIDString = B11269B2260BC8C6000A1D3A;
			remoteInfo = SuperAPP;
		};
/* End PBXContainerItemProxy section */

/* Begin PBXFileReference section */
		B11269B3260BC8C6000A1D3A /* SuperAPP.app */ = {isa = PBXFileReference; explicitFileType = wrapper.application; includeInIndex = 0; path = SuperAPP.app; sourceTree = BUILT_PRODUCTS_DIR; };
		B11269B6260BC8C6000A1D3A /* AppDelegate.swift */ = {isa = PBXFileReference; lastKnownFileType = sourcecode.swift; path = AppDelegate.swift; sourceTree = "<group>"; };
		B11269B8260BC8C6000A1D3A /* SceneDelegate.swift */ = {isa = PBXFileReference; lastKnownFileType = sourcecode.swift; path = SceneDelegate.swift; sourceTree = "<group>"; };
		B11269BA260BC8C6000A1D3A /* ViewController.swift */ = {isa = PBXFileReference; lastKnownFileType = sourcecode.swift; path = ViewController.swift; sourceTree = "<group>"; };
		B11269BF260BC8C9000A1D3A /* Assets.xcassets */ = {isa = PBXFileReference; lastKnownFileType = folder.assetcatalog; path = Assets.xcassets; sourceTree = "<group>"; };
		B11269C2260BC8C9000A1D3A /* Base */ = {isa = PBXFileReference; lastKnownFileType = file.storyboard; name = Base; path = Base.lproj/LaunchScreen.storyboard; sourceTree = "<group>"; };
		B11269C4260BC8C9000A1D3A /* Info.plist */ = {isa = PBXFileReference; lastKnownFileType = text.plist.xml; path = Info.plist; sourceTree = "<group>"; };
		B11269C9260BC8C9000A1D3A /* SuperAPPTests.xctest */ = {isa = PBXFileReference; explicitFileType = wrapper.cfbundle; includeInIndex = 0; path = SuperAPPTests.xctest; sourceTree = BUILT_PRODUCTS_DIR; };
		B11269CD260BC8C9000A1D3A /* SuperAPPTests.swift */ = {isa = PBXFileReference; lastKnownFileType = sourcecode.swift; path = SuperAPPTests.swift; sourceTree = "<group>"; };
		B11269CF260BC8C9000A1D3A /* Info.plist */ = {isa = PBXFileReference; lastKnownFileType = text.plist.xml; path = Info.plist; sourceTree = "<group>"; };
		B1126A06260BD643000A1D3A /* SecondCoordinator.swift */ = {isa = PBXFileReference; fileEncoding = 4; lastKnownFileType = sourcecode.swift; path = SecondCoordinator.swift; sourceTree = "<group>"; };
		B1126A07260BD643000A1D3A /* MainCoordinator.swift */ = {isa = PBXFileReference; fileEncoding = 4; lastKnownFileType = sourcecode.swift; path = MainCoordinator.swift; sourceTree = "<group>"; };
		B1126A08260BD643000A1D3A /* FirstCoordinator.swift */ = {isa = PBXFileReference; fileEncoding = 4; lastKnownFileType = sourcecode.swift; path = FirstCoordinator.swift; sourceTree = "<group>"; };
		B1126A09260BD643000A1D3A /* ThirdCoordinator.swift */ = {isa = PBXFileReference; fileEncoding = 4; lastKnownFileType = sourcecode.swift; path = ThirdCoordinator.swift; sourceTree = "<group>"; };
		B1126A11260BD659000A1D3A /* Event.swift */ = {isa = PBXFileReference; fileEncoding = 4; lastKnownFileType = sourcecode.swift; path = Event.swift; sourceTree = "<group>"; };
		B1126A1E260BD6B9000A1D3A /* SecondView.swift */ = {isa = PBXFileReference; fileEncoding = 4; lastKnownFileType = sourcecode.swift; path = SecondView.swift; sourceTree = "<group>"; };
		B1126A1F260BD6B9000A1D3A /* SecondViewController.swift */ = {isa = PBXFileReference; fileEncoding = 4; lastKnownFileType = sourcecode.swift; path = SecondViewController.swift; sourceTree = "<group>"; };
		B1126A26260BD6C3000A1D3A /* ThirdView.swift */ = {isa = PBXFileReference; fileEncoding = 4; lastKnownFileType = sourcecode.swift; path = ThirdView.swift; sourceTree = "<group>"; };
		B1126A27260BD6C3000A1D3A /* ThirdViewController.swift */ = {isa = PBXFileReference; fileEncoding = 4; lastKnownFileType = sourcecode.swift; path = ThirdViewController.swift; sourceTree = "<group>"; };
		B1126A2C260BD6DA000A1D3A /* TabBarViewController.swift */ = {isa = PBXFileReference; fileEncoding = 4; lastKnownFileType = sourcecode.swift; path = TabBarViewController.swift; sourceTree = "<group>"; };
		B1126A31260BD700000A1D3A /* FirstView.swift */ = {isa = PBXFileReference; fileEncoding = 4; lastKnownFileType = sourcecode.swift; path = FirstView.swift; sourceTree = "<group>"; };
		B1126A32260BD700000A1D3A /* FirstViewController.swift */ = {isa = PBXFileReference; fileEncoding = 4; lastKnownFileType = sourcecode.swift; path = FirstViewController.swift; sourceTree = "<group>"; };
		B1126A3A260BD735000A1D3A /* ViewCodable.swift */ = {isa = PBXFileReference; fileEncoding = 4; lastKnownFileType = sourcecode.swift; path = ViewCodable.swift; sourceTree = "<group>"; };
		B1126A3B260BD735000A1D3A /* UIView+AddViews.swift */ = {isa = PBXFileReference; fileEncoding = 4; lastKnownFileType = sourcecode.swift; path = "UIView+AddViews.swift"; sourceTree = "<group>"; };
/* End PBXFileReference section */

/* Begin PBXFrameworksBuildPhase section */
		B11269B0260BC8C6000A1D3A /* Frameworks */ = {
			isa = PBXFrameworksBuildPhase;
			buildActionMask = 2147483647;
			files = (
				B1126A01260BD5D7000A1D3A /* Coordinator in Frameworks */,
			);
			runOnlyForDeploymentPostprocessing = 0;
		};
		B11269C6260BC8C9000A1D3A /* Frameworks */ = {
			isa = PBXFrameworksBuildPhase;
			buildActionMask = 2147483647;
			files = (
			);
			runOnlyForDeploymentPostprocessing = 0;
		};
/* End PBXFrameworksBuildPhase section */

/* Begin PBXGroup section */
		B11269AA260BC8C6000A1D3A = {
			isa = PBXGroup;
			children = (
				B11269B5260BC8C6000A1D3A /* SuperAPP */,
				B11269CC260BC8C9000A1D3A /* SuperAPPTests */,
				B11269B4260BC8C6000A1D3A /* Products */,
			);
			sourceTree = "<group>";
		};
		B11269B4260BC8C6000A1D3A /* Products */ = {
			isa = PBXGroup;
			children = (
				B11269B3260BC8C6000A1D3A /* SuperAPP.app */,
				B11269C9260BC8C9000A1D3A /* SuperAPPTests.xctest */,
			);
			name = Products;
			sourceTree = "<group>";
		};
		B11269B5260BC8C6000A1D3A /* SuperAPP */ = {
			isa = PBXGroup;
			children = (
				B1126A39260BD71C000A1D3A /* Helper */,
				B1126A05260BD623000A1D3A /* Controller */,
				B1126A04260BD61E000A1D3A /* Coordinator */,
				B11269EC260BCB23000A1D3A /* Utils */,
				B11269BA260BC8C6000A1D3A /* ViewController.swift */,
				B11269C4260BC8C9000A1D3A /* Info.plist */,
			);
			path = SuperAPP;
			sourceTree = "<group>";
		};
		B11269CC260BC8C9000A1D3A /* SuperAPPTests */ = {
			isa = PBXGroup;
			children = (
				B11269CD260BC8C9000A1D3A /* SuperAPPTests.swift */,
				B11269CF260BC8C9000A1D3A /* Info.plist */,
			);
			path = SuperAPPTests;
			sourceTree = "<group>";
		};
		B11269EC260BCB23000A1D3A /* Utils */ = {
			isa = PBXGroup;
			children = (
				B11269B6260BC8C6000A1D3A /* AppDelegate.swift */,
				B11269B8260BC8C6000A1D3A /* SceneDelegate.swift */,
				B11269BF260BC8C9000A1D3A /* Assets.xcassets */,
				B11269C1260BC8C9000A1D3A /* LaunchScreen.storyboard */,
			);
			path = Utils;
			sourceTree = "<group>";
		};
		B1126A04260BD61E000A1D3A /* Coordinator */ = {
			isa = PBXGroup;
			children = (
				B1126A10260BD646000A1D3A /* Event */,
				B1126A08260BD643000A1D3A /* FirstCoordinator.swift */,
				B1126A07260BD643000A1D3A /* MainCoordinator.swift */,
				B1126A06260BD643000A1D3A /* SecondCoordinator.swift */,
				B1126A09260BD643000A1D3A /* ThirdCoordinator.swift */,
			);
			path = Coordinator;
			sourceTree = "<group>";
		};
		B1126A05260BD623000A1D3A /* Controller */ = {
			isa = PBXGroup;
			children = (
				B1126A2C260BD6DA000A1D3A /* TabBarViewController.swift */,
				B1126A30260BD6DD000A1D3A /* First */,
				B1126A16260BD669000A1D3A /* Second */,
				B1126A17260BD66D000A1D3A /* Third */,
			);
			path = Controller;
			sourceTree = "<group>";
		};
		B1126A10260BD646000A1D3A /* Event */ = {
			isa = PBXGroup;
			children = (
				B1126A11260BD659000A1D3A /* Event.swift */,
			);
			path = Event;
			sourceTree = "<group>";
		};
		B1126A16260BD669000A1D3A /* Second */ = {
			isa = PBXGroup;
			children = (
				B1126A1E260BD6B9000A1D3A /* SecondView.swift */,
				B1126A1F260BD6B9000A1D3A /* SecondViewController.swift */,
			);
			path = Second;
			sourceTree = "<group>";
		};
		B1126A17260BD66D000A1D3A /* Third */ = {
			isa = PBXGroup;
			children = (
				B1126A26260BD6C3000A1D3A /* ThirdView.swift */,
				B1126A27260BD6C3000A1D3A /* ThirdViewController.swift */,
			);
			path = Third;
			sourceTree = "<group>";
		};
		B1126A30260BD6DD000A1D3A /* First */ = {
			isa = PBXGroup;
			children = (
				B1126A31260BD700000A1D3A /* FirstView.swift */,
				B1126A32260BD700000A1D3A /* FirstViewController.swift */,
			);
			path = First;
			sourceTree = "<group>";
		};
		B1126A39260BD71C000A1D3A /* Helper */ = {
			isa = PBXGroup;
			children = (
				B1126A3B260BD735000A1D3A /* UIView+AddViews.swift */,
				B1126A3A260BD735000A1D3A /* ViewCodable.swift */,
			);
			path = Helper;
			sourceTree = "<group>";
		};
/* End PBXGroup section */

/* Begin PBXNativeTarget section */
		B11269B2260BC8C6000A1D3A /* SuperAPP */ = {
			isa = PBXNativeTarget;
			buildConfigurationList = B11269DD260BC8C9000A1D3A /* Build configuration list for PBXNativeTarget "SuperAPP" */;
			buildPhases = (
				B11269AF260BC8C6000A1D3A /* Sources */,
				B11269B0260BC8C6000A1D3A /* Frameworks */,
				B11269B1260BC8C6000A1D3A /* Resources */,
			);
			buildRules = (
			);
			dependencies = (
			);
			name = SuperAPP;
			packageProductDependencies = (
				B1126A00260BD5D7000A1D3A /* Coordinator */,
			);
			productName = SuperAPP;
			productReference = B11269B3260BC8C6000A1D3A /* SuperAPP.app */;
			productType = "com.apple.product-type.application";
		};
		B11269C8260BC8C9000A1D3A /* SuperAPPTests */ = {
			isa = PBXNativeTarget;
			buildConfigurationList = B11269E0260BC8C9000A1D3A /* Build configuration list for PBXNativeTarget "SuperAPPTests" */;
			buildPhases = (
				B11269C5260BC8C9000A1D3A /* Sources */,
				B11269C6260BC8C9000A1D3A /* Frameworks */,
				B11269C7260BC8C9000A1D3A /* Resources */,
			);
			buildRules = (
			);
			dependencies = (
				B11269CB260BC8C9000A1D3A /* PBXTargetDependency */,
			);
			name = SuperAPPTests;
			productName = SuperAPPTests;
			productReference = B11269C9260BC8C9000A1D3A /* SuperAPPTests.xctest */;
			productType = "com.apple.product-type.bundle.unit-test";
		};
/* End PBXNativeTarget section */

/* Begin PBXProject section */
		B11269AB260BC8C6000A1D3A /* Project object */ = {
			isa = PBXProject;
			attributes = {
				LastSwiftUpdateCheck = 1200;
				LastUpgradeCheck = 1200;
				TargetAttributes = {
					B11269B2260BC8C6000A1D3A = {
						CreatedOnToolsVersion = 12.0.1;
					};
					B11269C8260BC8C9000A1D3A = {
						CreatedOnToolsVersion = 12.0.1;
						TestTargetID = B11269B2260BC8C6000A1D3A;
					};
				};
			};
			buildConfigurationList = B11269AE260BC8C6000A1D3A /* Build configuration list for PBXProject "SuperAPP" */;
			compatibilityVersion = "Xcode 9.3";
			developmentRegion = en;
			hasScannedForEncodings = 0;
			knownRegions = (
				en,
				Base,
			);
			mainGroup = B11269AA260BC8C6000A1D3A;
			packageReferences = (
				B11269FF260BD5D7000A1D3A /* XCRemoteSwiftPackageReference "CoordinatorFramework" */,
			);
			productRefGroup = B11269B4260BC8C6000A1D3A /* Products */;
			projectDirPath = "";
			projectRoot = "";
			targets = (
				B11269B2260BC8C6000A1D3A /* SuperAPP */,
				B11269C8260BC8C9000A1D3A /* SuperAPPTests */,
			);
		};
/* End PBXProject section */

/* Begin PBXResourcesBuildPhase section */
		B11269B1260BC8C6000A1D3A /* Resources */ = {
			isa = PBXResourcesBuildPhase;
			buildActionMask = 2147483647;
			files = (
				B11269C3260BC8C9000A1D3A /* LaunchScreen.storyboard in Resources */,
				B11269C0260BC8C9000A1D3A /* Assets.xcassets in Resources */,
			);
			runOnlyForDeploymentPostprocessing = 0;
		};
		B11269C7260BC8C9000A1D3A /* Resources */ = {
			isa = PBXResourcesBuildPhase;
			buildActionMask = 2147483647;
			files = (
			);
			runOnlyForDeploymentPostprocessing = 0;
		};
/* End PBXResourcesBuildPhase section */

/* Begin PBXSourcesBuildPhase section */
		B11269AF260BC8C6000A1D3A /* Sources */ = {
			isa = PBXSourcesBuildPhase;
			buildActionMask = 2147483647;
			files = (
				B1126A34260BD700000A1D3A /* FirstViewController.swift in Sources */,
				B1126A3C260BD735000A1D3A /* ViewCodable.swift in Sources */,
				B1126A12260BD659000A1D3A /* Event.swift in Sources */,
				B11269BB260BC8C6000A1D3A /* ViewController.swift in Sources */,
				B1126A3D260BD735000A1D3A /* UIView+AddViews.swift in Sources */,
				B1126A0C260BD643000A1D3A /* FirstCoordinator.swift in Sources */,
				B1126A20260BD6B9000A1D3A /* SecondView.swift in Sources */,
				B11269B7260BC8C6000A1D3A /* AppDelegate.swift in Sources */,
				B1126A0A260BD643000A1D3A /* SecondCoordinator.swift in Sources */,
				B1126A0B260BD643000A1D3A /* MainCoordinator.swift in Sources */,
				B1126A33260BD700000A1D3A /* FirstView.swift in Sources */,
				B11269B9260BC8C6000A1D3A /* SceneDelegate.swift in Sources */,
				B1126A28260BD6C3000A1D3A /* ThirdView.swift in Sources */,
				B1126A21260BD6B9000A1D3A /* SecondViewController.swift in Sources */,
				B1126A2D260BD6DB000A1D3A /* TabBarViewController.swift in Sources */,
				B1126A29260BD6C3000A1D3A /* ThirdViewController.swift in Sources */,
				B1126A0D260BD643000A1D3A /* ThirdCoordinator.swift in Sources */,
			);
			runOnlyForDeploymentPostprocessing = 0;
		};
		B11269C5260BC8C9000A1D3A /* Sources */ = {
			isa = PBXSourcesBuildPhase;
			buildActionMask = 2147483647;
			files = (
				B11269CE260BC8C9000A1D3A /* SuperAPPTests.swift in Sources */,
			);
			runOnlyForDeploymentPostprocessing = 0;
		};
/* End PBXSourcesBuildPhase section */

/* Begin PBXTargetDependency section */
		B11269CB260BC8C9000A1D3A /* PBXTargetDependency */ = {
			isa = PBXTargetDependency;
			target = B11269B2260BC8C6000A1D3A /* SuperAPP */;
			targetProxy = B11269CA260BC8C9000A1D3A /* PBXContainerItemProxy */;
		};
/* End PBXTargetDependency section */

/* Begin PBXVariantGroup section */
		B11269C1260BC8C9000A1D3A /* LaunchScreen.storyboard */ = {
			isa = PBXVariantGroup;
			children = (
				B11269C2260BC8C9000A1D3A /* Base */,
			);
			name = LaunchScreen.storyboard;
			sourceTree = "<group>";
		};
/* End PBXVariantGroup section */

/* Begin XCBuildConfiguration section */
		B11269DB260BC8C9000A1D3A /* Debug */ = {
			isa = XCBuildConfiguration;
			buildSettings = {
				ALWAYS_SEARCH_USER_PATHS = NO;
				CLANG_ANALYZER_NONNULL = YES;
				CLANG_ANALYZER_NUMBER_OBJECT_CONVERSION = YES_AGGRESSIVE;
				CLANG_CXX_LANGUAGE_STANDARD = "gnu++14";
				CLANG_CXX_LIBRARY = "libc++";
				CLANG_ENABLE_MODULES = YES;
				CLANG_ENABLE_OBJC_ARC = YES;
				CLANG_ENABLE_OBJC_WEAK = YES;
				CLANG_WARN_BLOCK_CAPTURE_AUTORELEASING = YES;
				CLANG_WARN_BOOL_CONVERSION = YES;
				CLANG_WARN_COMMA = YES;
				CLANG_WARN_CONSTANT_CONVERSION = YES;
				CLANG_WARN_DEPRECATED_OBJC_IMPLEMENTATIONS = YES;
				CLANG_WARN_DIRECT_OBJC_ISA_USAGE = YES_ERROR;
				CLANG_WARN_DOCUMENTATION_COMMENTS = YES;
				CLANG_WARN_EMPTY_BODY = YES;
				CLANG_WARN_ENUM_CONVERSION = YES;
				CLANG_WARN_INFINITE_RECURSION = YES;
				CLANG_WARN_INT_CONVERSION = YES;
				CLANG_WARN_NON_LITERAL_NULL_CONVERSION = YES;
				CLANG_WARN_OBJC_IMPLICIT_RETAIN_SELF = YES;
				CLANG_WARN_OBJC_LITERAL_CONVERSION = YES;
				CLANG_WARN_OBJC_ROOT_CLASS = YES_ERROR;
				CLANG_WARN_QUOTED_INCLUDE_IN_FRAMEWORK_HEADER = YES;
				CLANG_WARN_RANGE_LOOP_ANALYSIS = YES;
				CLANG_WARN_STRICT_PROTOTYPES = YES;
				CLANG_WARN_SUSPICIOUS_MOVE = YES;
				CLANG_WARN_UNGUARDED_AVAILABILITY = YES_AGGRESSIVE;
				CLANG_WARN_UNREACHABLE_CODE = YES;
				CLANG_WARN__DUPLICATE_METHOD_MATCH = YES;
				COPY_PHASE_STRIP = NO;
				DEBUG_INFORMATION_FORMAT = dwarf;
				ENABLE_STRICT_OBJC_MSGSEND = YES;
				ENABLE_TESTABILITY = YES;
				GCC_C_LANGUAGE_STANDARD = gnu11;
				GCC_DYNAMIC_NO_PIC = NO;
				GCC_NO_COMMON_BLOCKS = YES;
				GCC_OPTIMIZATION_LEVEL = 0;
				GCC_PREPROCESSOR_DEFINITIONS = (
					"DEBUG=1",
					"$(inherited)",
				);
				GCC_WARN_64_TO_32_BIT_CONVERSION = YES;
				GCC_WARN_ABOUT_RETURN_TYPE = YES_ERROR;
				GCC_WARN_UNDECLARED_SELECTOR = YES;
				GCC_WARN_UNINITIALIZED_AUTOS = YES_AGGRESSIVE;
				GCC_WARN_UNUSED_FUNCTION = YES;
				GCC_WARN_UNUSED_VARIABLE = YES;
				IPHONEOS_DEPLOYMENT_TARGET = 14.0;
				MTL_ENABLE_DEBUG_INFO = INCLUDE_SOURCE;
				MTL_FAST_MATH = YES;
				ONLY_ACTIVE_ARCH = YES;
				SDKROOT = iphoneos;
				SWIFT_ACTIVE_COMPILATION_CONDITIONS = DEBUG;
				SWIFT_OPTIMIZATION_LEVEL = "-Onone";
			};
			name = Debug;
		};
		B11269DC260BC8C9000A1D3A /* Release */ = {
			isa = XCBuildConfiguration;
			buildSettings = {
				ALWAYS_SEARCH_USER_PATHS = NO;
				CLANG_ANALYZER_NONNULL = YES;
				CLANG_ANALYZER_NUMBER_OBJECT_CONVERSION = YES_AGGRESSIVE;
				CLANG_CXX_LANGUAGE_STANDARD = "gnu++14";
				CLANG_CXX_LIBRARY = "libc++";
				CLANG_ENABLE_MODULES = YES;
				CLANG_ENABLE_OBJC_ARC = YES;
				CLANG_ENABLE_OBJC_WEAK = YES;
				CLANG_WARN_BLOCK_CAPTURE_AUTORELEASING = YES;
				CLANG_WARN_BOOL_CONVERSION = YES;
				CLANG_WARN_COMMA = YES;
				CLANG_WARN_CONSTANT_CONVERSION = YES;
				CLANG_WARN_DEPRECATED_OBJC_IMPLEMENTATIONS = YES;
				CLANG_WARN_DIRECT_OBJC_ISA_USAGE = YES_ERROR;
				CLANG_WARN_DOCUMENTATION_COMMENTS = YES;
				CLANG_WARN_EMPTY_BODY = YES;
				CLANG_WARN_ENUM_CONVERSION = YES;
				CLANG_WARN_INFINITE_RECURSION = YES;
				CLANG_WARN_INT_CONVERSION = YES;
				CLANG_WARN_NON_LITERAL_NULL_CONVERSION = YES;
				CLANG_WARN_OBJC_IMPLICIT_RETAIN_SELF = YES;
				CLANG_WARN_OBJC_LITERAL_CONVERSION = YES;
				CLANG_WARN_OBJC_ROOT_CLASS = YES_ERROR;
				CLANG_WARN_QUOTED_INCLUDE_IN_FRAMEWORK_HEADER = YES;
				CLANG_WARN_RANGE_LOOP_ANALYSIS = YES;
				CLANG_WARN_STRICT_PROTOTYPES = YES;
				CLANG_WARN_SUSPICIOUS_MOVE = YES;
				CLANG_WARN_UNGUARDED_AVAILABILITY = YES_AGGRESSIVE;
				CLANG_WARN_UNREACHABLE_CODE = YES;
				CLANG_WARN__DUPLICATE_METHOD_MATCH = YES;
				COPY_PHASE_STRIP = NO;
				DEBUG_INFORMATION_FORMAT = "dwarf-with-dsym";
				ENABLE_NS_ASSERTIONS = NO;
				ENABLE_STRICT_OBJC_MSGSEND = YES;
				GCC_C_LANGUAGE_STANDARD = gnu11;
				GCC_NO_COMMON_BLOCKS = YES;
				GCC_WARN_64_TO_32_BIT_CONVERSION = YES;
				GCC_WARN_ABOUT_RETURN_TYPE = YES_ERROR;
				GCC_WARN_UNDECLARED_SELECTOR = YES;
				GCC_WARN_UNINITIALIZED_AUTOS = YES_AGGRESSIVE;
				GCC_WARN_UNUSED_FUNCTION = YES;
				GCC_WARN_UNUSED_VARIABLE = YES;
				IPHONEOS_DEPLOYMENT_TARGET = 14.0;
				MTL_ENABLE_DEBUG_INFO = NO;
				MTL_FAST_MATH = YES;
				SDKROOT = iphoneos;
				SWIFT_COMPILATION_MODE = wholemodule;
				SWIFT_OPTIMIZATION_LEVEL = "-O";
				VALIDATE_PRODUCT = YES;
			};
			name = Release;
		};
		B11269DE260BC8C9000A1D3A /* Debug */ = {
			isa = XCBuildConfiguration;
			buildSettings = {
				ASSETCATALOG_COMPILER_APPICON_NAME = AppIcon;
				ASSETCATALOG_COMPILER_GLOBAL_ACCENT_COLOR_NAME = AccentColor;
				CODE_SIGN_STYLE = Automatic;
				DEVELOPMENT_TEAM = 33974MC9LS;
				INFOPLIST_FILE = SuperAPP/Info.plist;
				LD_RUNPATH_SEARCH_PATHS = (
					"$(inherited)",
					"@executable_path/Frameworks",
				);
				PRODUCT_BUNDLE_IDENTIFIER = rebelato.SuperAPP;
				PRODUCT_NAME = "$(TARGET_NAME)";
				SWIFT_VERSION = 5.0;
				TARGETED_DEVICE_FAMILY = "1,2";
			};
			name = Debug;
		};
		B11269DF260BC8C9000A1D3A /* Release */ = {
			isa = XCBuildConfiguration;
			buildSettings = {
				ASSETCATALOG_COMPILER_APPICON_NAME = AppIcon;
				ASSETCATALOG_COMPILER_GLOBAL_ACCENT_COLOR_NAME = AccentColor;
				CODE_SIGN_STYLE = Automatic;
				DEVELOPMENT_TEAM = 33974MC9LS;
				INFOPLIST_FILE = SuperAPP/Info.plist;
				LD_RUNPATH_SEARCH_PATHS = (
					"$(inherited)",
					"@executable_path/Frameworks",
				);
				PRODUCT_BUNDLE_IDENTIFIER = rebelato.SuperAPP;
				PRODUCT_NAME = "$(TARGET_NAME)";
				SWIFT_VERSION = 5.0;
				TARGETED_DEVICE_FAMILY = "1,2";
			};
			name = Release;
		};
		B11269E1260BC8C9000A1D3A /* Debug */ = {
			isa = XCBuildConfiguration;
			buildSettings = {
				ALWAYS_EMBED_SWIFT_STANDARD_LIBRARIES = YES;
				BUNDLE_LOADER = "$(TEST_HOST)";
				CODE_SIGN_STYLE = Automatic;
				DEVELOPMENT_TEAM = 33974MC9LS;
				INFOPLIST_FILE = SuperAPPTests/Info.plist;
				IPHONEOS_DEPLOYMENT_TARGET = 14.0;
				LD_RUNPATH_SEARCH_PATHS = (
					"$(inherited)",
					"@executable_path/Frameworks",
					"@loader_path/Frameworks",
				);
				PRODUCT_BUNDLE_IDENTIFIER = rebelato.SuperAPPTests;
				PRODUCT_NAME = "$(TARGET_NAME)";
				SWIFT_VERSION = 5.0;
				TARGETED_DEVICE_FAMILY = "1,2";
				TEST_HOST = "$(BUILT_PRODUCTS_DIR)/SuperAPP.app/SuperAPP";
			};
			name = Debug;
		};
		B11269E2260BC8C9000A1D3A /* Release */ = {
			isa = XCBuildConfiguration;
			buildSettings = {
				ALWAYS_EMBED_SWIFT_STANDARD_LIBRARIES = YES;
				BUNDLE_LOADER = "$(TEST_HOST)";
				CODE_SIGN_STYLE = Automatic;
				DEVELOPMENT_TEAM = 33974MC9LS;
				INFOPLIST_FILE = SuperAPPTests/Info.plist;
				IPHONEOS_DEPLOYMENT_TARGET = 14.0;
				LD_RUNPATH_SEARCH_PATHS = (
					"$(inherited)",
					"@executable_path/Frameworks",
					"@loader_path/Frameworks",
				);
				PRODUCT_BUNDLE_IDENTIFIER = rebelato.SuperAPPTests;
				PRODUCT_NAME = "$(TARGET_NAME)";
				SWIFT_VERSION = 5.0;
				TARGETED_DEVICE_FAMILY = "1,2";
				TEST_HOST = "$(BUILT_PRODUCTS_DIR)/SuperAPP.app/SuperAPP";
			};
			name = Release;
		};
/* End XCBuildConfiguration section */

/* Begin XCConfigurationList section */
		B11269AE260BC8C6000A1D3A /* Build configuration list for PBXProject "SuperAPP" */ = {
			isa = XCConfigurationList;
			buildConfigurations = (
				B11269DB260BC8C9000A1D3A /* Debug */,
				B11269DC260BC8C9000A1D3A /* Release */,
			);
			defaultConfigurationIsVisible = 0;
			defaultConfigurationName = Release;
		};
		B11269DD260BC8C9000A1D3A /* Build configuration list for PBXNativeTarget "SuperAPP" */ = {
			isa = XCConfigurationList;
			buildConfigurations = (
				B11269DE260BC8C9000A1D3A /* Debug */,
				B11269DF260BC8C9000A1D3A /* Release */,
			);
			defaultConfigurationIsVisible = 0;
			defaultConfigurationName = Release;
		};
		B11269E0260BC8C9000A1D3A /* Build configuration list for PBXNativeTarget "SuperAPPTests" */ = {
			isa = XCConfigurationList;
			buildConfigurations = (
				B11269E1260BC8C9000A1D3A /* Debug */,
				B11269E2260BC8C9000A1D3A /* Release */,
			);
			defaultConfigurationIsVisible = 0;
			defaultConfigurationName = Release;
		};
/* End XCConfigurationList section */

/* Begin XCRemoteSwiftPackageReference section */
		B11269FF260BD5D7000A1D3A /* XCRemoteSwiftPackageReference "CoordinatorFramework" */ = {
			isa = XCRemoteSwiftPackageReference;
			repositoryURL = "https://github.com/rebelato/CoordinatorFramework.git";
			requirement = {
				kind = upToNextMajorVersion;
				minimumVersion = 1.0.0;
			};
		};
/* End XCRemoteSwiftPackageReference section */

/* Begin XCSwiftPackageProductDependency section */
		B1126A00260BD5D7000A1D3A /* Coordinator */ = {
			isa = XCSwiftPackageProductDependency;
			package = B11269FF260BD5D7000A1D3A /* XCRemoteSwiftPackageReference "CoordinatorFramework" */;
			productName = Coordinator;
		};
/* End XCSwiftPackageProductDependency section */
	};
	rootObject = B11269AB260BC8C6000A1D3A /* Project object */;
}
